
Microsoft Visual Studio Solution File, Format Version 12.00
# Visual Studio Version 16
VisualStudioVersion = 16.0.30128.36
MinimumVisualStudioVersion = 10.0.40219.1
Project("{9A19103F-16F7-4668-BE54-9A1E7A4F7556}") = "DotNet5Samples", "DotNet5Samples\DotNet5Samples.csproj", "{765086E6-9036-4468-9623-E6A358867CA3}"
EndProject
Project("{2150E333-8FDC-42A3-9474-1A3956D46DE8}") = "Solution Items", "Solution Items", "{F6E56B31-9D42-4D17-AC5B-4B90A2BE2008}"
	ProjectSection(SolutionItems) = preProject
		.editorconfig = .editorconfig
	EndProjectSection
EndProject
Project("{9A19103F-16F7-4668-BE54-9A1E7A4F7556}") = "SourceGenerators", "SourceGenerators\SourceGenerators.csproj", "{3A08ADE5-B63D-486A-BE96-21A9E13E8519}"
EndProject
Global
	GlobalSection(SolutionConfigurationPlatforms) = preSolution
		Debug|Any CPU = Debug|Any CPU
		Release|Any CPU = Release|Any CPU
	EndGlobalSection
	GlobalSection(ProjectConfigurationPlatforms) = postSolution
		{765086E6-9036-4468-9623-E6A358867CA3}.Debug|Any CPU.ActiveCfg = Debug|Any CPU
		{765086E6-9036-4468-9623-E6A358867CA3}.Debug|Any CPU.Build.0 = Debug|Any CPU
		{765086E6-9036-4468-9623-E6A358867CA3}.Release|Any CPU.ActiveCfg = Release|Any CPU
		{765086E6-9036-4468-9623-E6A358867CA3}.Release|Any CPU.Build.0 = Release|Any CPU
		{3A08ADE5-B63D-486A-BE96-21A9E13E8519}.Debug|Any CPU.ActiveCfg = Debug|Any CPU
		{3A08ADE5-B63D-486A-BE96-21A9E13E8519}.Debug|Any CPU.Build.0 = Debug|Any CPU
		{3A08ADE5-B63D-486A-BE96-21A9E13E8519}.Release|Any CPU.ActiveCfg = Release|Any CPU
		{3A08ADE5-B63D-486A-BE96-21A9E13E8519}.Release|Any CPU.Build.0 = Release|Any CPU
	EndGlobalSection
	GlobalSection(SolutionProperties) = preSolution
		HideSolutionNode = FALSE
	EndGlobalSection
	GlobalSection(ExtensibilityGlobals) = postSolution
		SolutionGuid = {86BDBC03-373D-4F37-AFDA-002B69DA6125}
	EndGlobalSection
EndGlobal
